
Microsoft Visual Studio Solution File, Format Version 12.00
# Visual Studio 14
VisualStudioVersion = 14.0.25123.0
MinimumVisualStudioVersion = 10.0.40219.1
Project("{FAE04EC0-301F-11D3-BF4B-00C04F79EFBC}") = "CountWorkingDays", "CountWorkingDays\CountWorkingDays.csproj", "{482015BF-0FDC-44EB-9038-9C8AE59B9872}"
EndProject
Project("{FAE04EC0-301F-11D3-BF4B-00C04F79EFBC}") = "AdvertisementMessage", "AdvertisementMessage\AdvertisementMessage.csproj", "{827346B5-D8BF-41B9-BED4-D183ACB02F88}"
EndProject
Project("{FAE04EC0-301F-11D3-BF4B-00C04F79EFBC}") = "CirclesIntersection", "CirclesIntersection\CirclesIntersection.csproj", "{C9F17B1D-32C7-439B-8408-79183FF23184}"
EndProject
Project("{FAE04EC0-301F-11D3-BF4B-00C04F79EFBC}") = "AverageGrades", "AverageGrades\AverageGrades.csproj", "{F7688B8A-4812-43BF-90CF-DD8C5000D7E6}"
EndProject
Global
	GlobalSection(SolutionConfigurationPlatforms) = preSolution
		Debug|Any CPU = Debug|Any CPU
		Release|Any CPU = Release|Any CPU
	EndGlobalSection
	GlobalSection(ProjectConfigurationPlatforms) = postSolution
		{482015BF-0FDC-44EB-9038-9C8AE59B9872}.Debug|Any CPU.ActiveCfg = Debug|Any CPU
		{482015BF-0FDC-44EB-9038-9C8AE59B9872}.Debug|Any CPU.Build.0 = Debug|Any CPU
		{482015BF-0FDC-44EB-9038-9C8AE59B9872}.Release|Any CPU.ActiveCfg = Release|Any CPU
		{482015BF-0FDC-44EB-9038-9C8AE59B9872}.Release|Any CPU.Build.0 = Release|Any CPU
		{827346B5-D8BF-41B9-BED4-D183ACB02F88}.Debug|Any CPU.ActiveCfg = Debug|Any CPU
		{827346B5-D8BF-41B9-BED4-D183ACB02F88}.Debug|Any CPU.Build.0 = Debug|Any CPU
		{827346B5-D8BF-41B9-BED4-D183ACB02F88}.Release|Any CPU.ActiveCfg = Release|Any CPU
		{827346B5-D8BF-41B9-BED4-D183ACB02F88}.Release|Any CPU.Build.0 = Release|Any CPU
		{C9F17B1D-32C7-439B-8408-79183FF23184}.Debug|Any CPU.ActiveCfg = Debug|Any CPU
		{C9F17B1D-32C7-439B-8408-79183FF23184}.Debug|Any CPU.Build.0 = Debug|Any CPU
		{C9F17B1D-32C7-439B-8408-79183FF23184}.Release|Any CPU.ActiveCfg = Release|Any CPU
		{C9F17B1D-32C7-439B-8408-79183FF23184}.Release|Any CPU.Build.0 = Release|Any CPU
		{F7688B8A-4812-43BF-90CF-DD8C5000D7E6}.Debug|Any CPU.ActiveCfg = Debug|Any CPU
		{F7688B8A-4812-43BF-90CF-DD8C5000D7E6}.Debug|Any CPU.Build.0 = Debug|Any CPU
		{F7688B8A-4812-43BF-90CF-DD8C5000D7E6}.Release|Any CPU.ActiveCfg = Release|Any CPU
		{F7688B8A-4812-43BF-90CF-DD8C5000D7E6}.Release|Any CPU.Build.0 = Release|Any CPU
	EndGlobalSection
	GlobalSection(SolutionProperties) = preSolution
		HideSolutionNode = FALSE
	EndGlobalSection
EndGlobal
